// !$*UTF8*$!
{
	archiveVersion = 1;
	classes = {
	};
	objectVersion = 46;
	objects = {

/* Begin PBXBuildFile section */
		482772FE1E653E7600A82DFB /* main.m in Sources */ = {isa = PBXBuildFile; fileRef = 482772FD1E653E7600A82DFB /* main.m */; };
		482773011E653E7600A82DFB /* AppDelegate.m in Sources */ = {isa = PBXBuildFile; fileRef = 482773001E653E7600A82DFB /* AppDelegate.m */; };
		482773041E653E7600A82DFB /* MasterViewController.m in Sources */ = {isa = PBXBuildFile; fileRef = 482773031E653E7600A82DFB /* MasterViewController.m */; };
		482773071E653E7600A82DFB /* DetailViewController.m in Sources */ = {isa = PBXBuildFile; fileRef = 482773061E653E7600A82DFB /* DetailViewController.m */; };
		4827730A1E653E7600A82DFB /* Main.storyboard in Resources */ = {isa = PBXBuildFile; fileRef = 482773081E653E7600A82DFB /* Main.storyboard */; };
		4827730C1E653E7600A82DFB /* Assets.xcassets in Resources */ = {isa = PBXBuildFile; fileRef = 4827730B1E653E7600A82DFB /* Assets.xcassets */; };
		4827730F1E653E7600A82DFB /* LaunchScreen.storyboard in Resources */ = {isa = PBXBuildFile; fileRef = 4827730D1E653E7600A82DFB /* LaunchScreen.storyboard */; };
		482773191E653EBD00A82DFB /* LYSTagView.m in Sources */ = {isa = PBXBuildFile; fileRef = 482773181E653EBD00A82DFB /* LYSTagView.m */; };
		4827731C1E65779000A82DFB /* MyTagCell.m in Sources */ = {isa = PBXBuildFile; fileRef = 4827731B1E65779000A82DFB /* MyTagCell.m */; };
/* End PBXBuildFile section */

/* Begin PBXFileReference section */
		482772F91E653E7600A82DFB /* LYSTagView.app */ = {isa = PBXFileReference; explicitFileType = wrapper.application; includeInIndex = 0; path = LYSTagView.app; sourceTree = BUILT_PRODUCTS_DIR; };
		482772FD1E653E7600A82DFB /* main.m */ = {isa = PBXFileReference; lastKnownFileType = sourcecode.c.objc; path = main.m; sourceTree = "<group>"; };
		482772FF1E653E7600A82DFB /* AppDelegate.h */ = {isa = PBXFileReference; lastKnownFileType = sourcecode.c.h; path = AppDelegate.h; sourceTree = "<group>"; };
		482773001E653E7600A82DFB /* AppDelegate.m */ = {isa = PBXFileReference; lastKnownFileType = sourcecode.c.objc; path = AppDelegate.m; sourceTree = "<group>"; };
		482773021E653E7600A82DFB /* MasterViewController.h */ = {isa = PBXFileReference; lastKnownFileType = sourcecode.c.h; path = MasterViewController.h; sourceTree = "<group>"; };
		482773031E653E7600A82DFB /* MasterViewController.m */ = {isa = PBXFileReference; lastKnownFileType = sourcecode.c.objc; path = MasterViewController.m; sourceTree = "<group>"; };
		482773051E653E7600A82DFB /* DetailViewController.h */ = {isa = PBXFileReference; lastKnownFileType = sourcecode.c.h; path = DetailViewController.h; sourceTree = "<group>"; };
		482773061E653E7600A82DFB /* DetailViewController.m */ = {isa = PBXFileReference; lastKnownFileType = sourcecode.c.objc; path = DetailViewController.m; sourceTree = "<group>"; };
		482773091E653E7600A82DFB /* Base */ = {isa = PBXFileReference; lastKnownFileType = file.storyboard; name = Base; path = Base.lproj/Main.storyboard; sourceTree = "<group>"; };
		4827730B1E653E7600A82DFB /* Assets.xcassets */ = {isa = PBXFileReference; lastKnownFileType = folder.assetcatalog; path = Assets.xcassets; sourceTree = "<group>"; };
		4827730E1E653E7600A82DFB /* Base */ = {isa = PBXFileReference; lastKnownFileType = file.storyboard; name = Base; path = Base.lproj/LaunchScreen.storyboard; sourceTree = "<group>"; };
		482773101E653E7600A82DFB /* Info.plist */ = {isa = PBXFileReference; lastKnownFileType = text.plist.xml; path = Info.plist; sourceTree = "<group>"; };
		482773171E653EBD00A82DFB /* LYSTagView.h */ = {isa = PBXFileReference; fileEncoding = 4; lastKnownFileType = sourcecode.c.h; path = LYSTagView.h; sourceTree = "<group>"; };
		482773181E653EBD00A82DFB /* LYSTagView.m */ = {isa = PBXFileReference; fileEncoding = 4; lastKnownFileType = sourcecode.c.objc; path = LYSTagView.m; sourceTree = "<group>"; };
		4827731A1E65779000A82DFB /* MyTagCell.h */ = {isa = PBXFileReference; fileEncoding = 4; lastKnownFileType = sourcecode.c.h; path = MyTagCell.h; sourceTree = "<group>"; };
		4827731B1E65779000A82DFB /* MyTagCell.m */ = {isa = PBXFileReference; fileEncoding = 4; lastKnownFileType = sourcecode.c.objc; path = MyTagCell.m; sourceTree = "<group>"; };
/* End PBXFileReference section */

/* Begin PBXFrameworksBuildPhase section */
		482772F61E653E7600A82DFB /* Frameworks */ = {
			isa = PBXFrameworksBuildPhase;
			buildActionMask = 2147483647;
			files = (
			);
			runOnlyForDeploymentPostprocessing = 0;
		};
/* End PBXFrameworksBuildPhase section */

/* Begin PBXGroup section */
		482772F01E653E7600A82DFB = {
			isa = PBXGroup;
			children = (
				482772FB1E653E7600A82DFB /* LYSTagView */,
				482772FA1E653E7600A82DFB /* Products */,
			);
			sourceTree = "<group>";
		};
		482772FA1E653E7600A82DFB /* Products */ = {
			isa = PBXGroup;
			children = (
				482772F91E653E7600A82DFB /* LYSTagView.app */,
			);
			name = Products;
			sourceTree = "<group>";
		};
		482772FB1E653E7600A82DFB /* LYSTagView */ = {
			isa = PBXGroup;
			children = (
				482773161E653E9200A82DFB /* LYSTagView */,
				482772FF1E653E7600A82DFB /* AppDelegate.h */,
				482773001E653E7600A82DFB /* AppDelegate.m */,
				482773021E653E7600A82DFB /* MasterViewController.h */,
				482773031E653E7600A82DFB /* MasterViewController.m */,
				482773051E653E7600A82DFB /* DetailViewController.h */,
				482773061E653E7600A82DFB /* DetailViewController.m */,
				482773081E653E7600A82DFB /* Main.storyboard */,
				4827730B1E653E7600A82DFB /* Assets.xcassets */,
				4827730D1E653E7600A82DFB /* LaunchScreen.storyboard */,
				482773101E653E7600A82DFB /* Info.plist */,
				482772FC1E653E7600A82DFB /* Supporting Files */,
			);
			path = LYSTagView;
			sourceTree = "<group>";
		};
		482772FC1E653E7600A82DFB /* Supporting Files */ = {
			isa = PBXGroup;
			children = (
				482772FD1E653E7600A82DFB /* main.m */,
			);
			name = "Supporting Files";
			sourceTree = "<group>";
		};
		482773161E653E9200A82DFB /* LYSTagView */ = {
			isa = PBXGroup;
			children = (
				482773171E653EBD00A82DFB /* LYSTagView.h */,
				482773181E653EBD00A82DFB /* LYSTagView.m */,
				4827731A1E65779000A82DFB /* MyTagCell.h */,
				4827731B1E65779000A82DFB /* MyTagCell.m */,
			);
			path = LYSTagView;
			sourceTree = "<group>";
		};
/* End PBXGroup section */

/* Begin PBXNativeTarget section */
		482772F81E653E7600A82DFB /* LYSTagView */ = {
			isa = PBXNativeTarget;
			buildConfigurationList = 482773131E653E7600A82DFB /* Build configuration list for PBXNativeTarget "LYSTagView" */;
			buildPhases = (
				482772F51E653E7600A82DFB /* Sources */,
				482772F61E653E7600A82DFB /* Frameworks */,
				482772F71E653E7600A82DFB /* Resources */,
			);
			buildRules = (
			);
			dependencies = (
			);
			name = LYSTagView;
			productName = LYSTagView;
			productReference = 482772F91E653E7600A82DFB /* LYSTagView.app */;
			productType = "com.apple.product-type.application";
		};
/* End PBXNativeTarget section */

/* Begin PBXProject section */
		482772F11E653E7600A82DFB /* Project object */ = {
			isa = PBXProject;
			attributes = {
				LastUpgradeCheck = 0730;
				ORGANIZATIONNAME = Goldcard;
				TargetAttributes = {
					482772F81E653E7600A82DFB = {
						CreatedOnToolsVersion = 7.3.1;
					};
				};
			};
			buildConfigurationList = 482772F41E653E7600A82DFB /* Build configuration list for PBXProject "LYSTagView" */;
			compatibilityVersion = "Xcode 3.2";
			developmentRegion = English;
			hasScannedForEncodings = 0;
			knownRegions = (
				en,
				Base,
			);
			mainGroup = 482772F01E653E7600A82DFB;
			productRefGroup = 482772FA1E653E7600A82DFB /* Products */;
			projectDirPath = "";
			projectRoot = "";
			targets = (
				482772F81E653E7600A82DFB /* LYSTagView */,
			);
		};
/* End PBXProject section */

/* Begin PBXResourcesBuildPhase section */
		482772F71E653E7600A82DFB /* Resources */ = {
			isa = PBXResourcesBuildPhase;
			buildActionMask = 2147483647;
			files = (
				4827730F1E653E7600A82DFB /* LaunchScreen.storyboard in Resources */,
				4827730C1E653E7600A82DFB /* Assets.xcassets in Resources */,
				4827730A1E653E7600A82DFB /* Main.storyboard in Resources */,
			);
			runOnlyForDeploymentPostprocessing = 0;
		};
/* End PBXResourcesBuildPhase section */

/* Begin PBXSourcesBuildPhase section */
		482772F51E653E7600A82DFB /* Sources */ = {
			isa = PBXSourcesBuildPhase;
			buildActionMask = 2147483647;
			files = (
				482773011E653E7600A82DFB /* AppDelegate.m in Sources */,
				482773041E653E7600A82DFB /* MasterViewController.m in Sources */,
				482772FE1E653E7600A82DFB /* main.m in Sources */,
				482773191E653EBD00A82DFB /* LYSTagView.m in Sources */,
				4827731C1E65779000A82DFB /* MyTagCell.m in Sources */,
				482773071E653E7600A82DFB /* DetailViewController.m in Sources */,
			);
			runOnlyForDeploymentPostprocessing = 0;
		};
/* End PBXSourcesBuildPhase section */

/* Begin PBXVariantGroup section */
		482773081E653E7600A82DFB /* Main.storyboard */ = {
			isa = PBXVariantGroup;
			children = (
				482773091E653E7600A82DFB /* Base */,
			);
			name = Main.storyboard;
			sourceTree = "<group>";
		};
		4827730D1E653E7600A82DFB /* LaunchScreen.storyboard */ = {
			isa = PBXVariantGroup;
			children = (
				4827730E1E653E7600A82DFB /* Base */,
			);
			name = LaunchScreen.storyboard;
			sourceTree = "<group>";
		};
/* End PBXVariantGroup section */

/* Begin XCBuildConfiguration section */
		482773111E653E7600A82DFB /* Debug */ = {
			isa = XCBuildConfiguration;
			buildSettings = {
				ALWAYS_SEARCH_USER_PATHS = NO;
				CLANG_ANALYZER_NONNULL = YES;
				CLANG_CXX_LANGUAGE_STANDARD = "gnu++0x";
				CLANG_CXX_LIBRARY = "libc++";
				CLANG_ENABLE_MODULES = YES;
				CLANG_ENABLE_OBJC_ARC = YES;
				CLANG_WARN_BOOL_CONVERSION = YES;
				CLANG_WARN_CONSTANT_CONVERSION = YES;
				CLANG_WARN_DIRECT_OBJC_ISA_USAGE = YES_ERROR;
				CLANG_WARN_EMPTY_BODY = YES;
				CLANG_WARN_ENUM_CONVERSION = YES;
				CLANG_WARN_INT_CONVERSION = YES;
				CLANG_WARN_OBJC_ROOT_CLASS = YES_ERROR;
				CLANG_WARN_UNREACHABLE_CODE = YES;
				CLANG_WARN__DUPLICATE_METHOD_MATCH = YES;
				"CODE_SIGN_IDENTITY[sdk=iphoneos*]" = "iPhone Developer";
				COPY_PHASE_STRIP = NO;
				DEBUG_INFORMATION_FORMAT = dwarf;
				ENABLE_STRICT_OBJC_MSGSEND = YES;
				ENABLE_TESTABILITY = YES;
				GCC_C_LANGUAGE_STANDARD = gnu99;
				GCC_DYNAMIC_NO_PIC = NO;
				GCC_NO_COMMON_BLOCKS = YES;
				GCC_OPTIMIZATION_LEVEL = 0;
				GCC_PREPROCESSOR_DEFINITIONS = (
					"DEBUG=1",
					"$(inherited)",
				);
				GCC_WARN_64_TO_32_BIT_CONVERSION = YES;
				GCC_WARN_ABOUT_RETURN_TYPE = YES_ERROR;
				GCC_WARN_UNDECLARED_SELECTOR = YES;
				GCC_WARN_UNINITIALIZED_AUTOS = YES_AGGRESSIVE;
				GCC_WARN_UNUSED_FUNCTION = YES;
				GCC_WARN_UNUSED_VARIABLE = YES;
				IPHONEOS_DEPLOYMENT_TARGET = 9.3;
				MTL_ENABLE_DEBUG_INFO = YES;
				ONLY_ACTIVE_ARCH = YES;
				SDKROOT = iphoneos;
				TARGETED_DEVICE_FAMILY = "1,2";
			};
			name = Debug;
		};
		482773121E653E7600A82DFB /* Release */ = {
			isa = XCBuildConfiguration;
			buildSettings = {
				ALWAYS_SEARCH_USER_PATHS = NO;
				CLANG_ANALYZER_NONNULL = YES;
				CLANG_CXX_LANGUAGE_STANDARD = "gnu++0x";
				CLANG_CXX_LIBRARY = "libc++";
				CLANG_ENABLE_MODULES = YES;
				CLANG_ENABLE_OBJC_ARC = YES;
				CLANG_WARN_BOOL_CONVERSION = YES;
				CLANG_WARN_CONSTANT_CONVERSION = YES;
				CLANG_WARN_DIRECT_OBJC_ISA_USAGE = YES_ERROR;
				CLANG_WARN_EMPTY_BODY = YES;
				CLANG_WARN_ENUM_CONVERSION = YES;
				CLANG_WARN_INT_CONVERSION = YES;
				CLANG_WARN_OBJC_ROOT_CLASS = YES_ERROR;
				CLANG_WARN_UNREACHABLE_CODE = YES;
				CLANG_WARN__DUPLICATE_METHOD_MATCH = YES;
				"CODE_SIGN_IDENTITY[sdk=iphoneos*]" = "iPhone Developer";
				COPY_PHASE_STRIP = NO;
				DEBUG_INFORMATION_FORMAT = "dwarf-with-dsym";
				ENABLE_NS_ASSERTIONS = NO;
				ENABLE_STRICT_OBJC_MSGSEND = YES;
				GCC_C_LANGUAGE_STANDARD = gnu99;
				GCC_NO_COMMON_BLOCKS = YES;
				GCC_WARN_64_TO_32_BIT_CONVERSION = YES;
				GCC_WARN_ABOUT_RETURN_TYPE = YES_ERROR;
				GCC_WARN_UNDECLARED_SELECTOR = YES;
				GCC_WARN_UNINITIALIZED_AUTOS = YES_AGGRESSIVE;
				GCC_WARN_UNUSED_FUNCTION = YES;
				GCC_WARN_UNUSED_VARIABLE = YES;
				IPHONEOS_DEPLOYMENT_TARGET = 9.3;
				MTL_ENABLE_DEBUG_INFO = NO;
				SDKROOT = iphoneos;
				TARGETED_DEVICE_FAMILY = "1,2";
				VALIDATE_PRODUCT = YES;
			};
			name = Release;
		};
		482773141E653E7600A82DFB /* Debug */ = {
			isa = XCBuildConfiguration;
			buildSettings = {
				ASSETCATALOG_COMPILER_APPICON_NAME = AppIcon;
				INFOPLIST_FILE = LYSTagView/Info.plist;
				LD_RUNPATH_SEARCH_PATHS = "$(inherited) @executable_path/Frameworks";
				PRODUCT_BUNDLE_IDENTIFIER = com.lys.loadbutton.LYSTagView;
				PRODUCT_NAME = "$(TARGET_NAME)";
			};
			name = Debug;
		};
		482773151E653E7600A82DFB /* Release */ = {
			isa = XCBuildConfiguration;
			buildSettings = {
				ASSETCATALOG_COMPILER_APPICON_NAME = AppIcon;
				INFOPLIST_FILE = LYSTagView/Info.plist;
				LD_RUNPATH_SEARCH_PATHS = "$(inherited) @executable_path/Frameworks";
				PRODUCT_BUNDLE_IDENTIFIER = com.lys.loadbutton.LYSTagView;
				PRODUCT_NAME = "$(TARGET_NAME)";
			};
			name = Release;
		};
/* End XCBuildConfiguration section */

/* Begin XCConfigurationList section */
		482772F41E653E7600A82DFB /* Build configuration list for PBXProject "LYSTagView" */ = {
			isa = XCConfigurationList;
			buildConfigurations = (
				482773111E653E7600A82DFB /* Debug */,
				482773121E653E7600A82DFB /* Release */,
			);
			defaultConfigurationIsVisible = 0;
			defaultConfigurationName = Release;
		};
		482773131E653E7600A82DFB /* Build configuration list for PBXNativeTarget "LYSTagView" */ = {
			isa = XCConfigurationList;
			buildConfigurations = (
				482773141E653E7600A82DFB /* Debug */,
				482773151E653E7600A82DFB /* Release */,
			);
			defaultConfigurationIsVisible = 0;
		};
/* End XCConfigurationList section */
	};
	rootObject = 482772F11E653E7600A82DFB /* Project object */;
}
